Microsoft Visual Studio Solution File, Format Version 11.00
# Visual Studio 2008

Project("{6A061313-D22E-51E0-F25B-7CD4DC065233}") = "Max", "Assembly-CSharp-firstpass.csproj", "{E7A4356B-0432-74E2-DF5A-5E286027624C}"
EndProject
Project("{6A061313-D22E-51E0-F25B-7CD4DC065233}") = "Max", "Assembly-CSharp-Editor.csproj", "{F5547F07-706C-9EE6-F51E-6113BF497DFB}"
EndProject
Global
	GlobalSection(SolutionConfigurationPlatforms) = preSolution
		Debug|Any CPU = Debug|Any CPU
		Release|Any CPU = Release|Any CPU
	EndGlobalSection
	GlobalSection(ProjectConfigurationPlatforms) = postSolution
		{E7A4356B-0432-74E2-DF5A-5E286027624C}.Debug|Any CPU.ActiveCfg = Debug|Any CPU
		{E7A4356B-0432-74E2-DF5A-5E286027624C}.Debug|Any CPU.Build.0 = Debug|Any CPU
		{E7A4356B-0432-74E2-DF5A-5E286027624C}.Release|Any CPU.ActiveCfg = Release|Any CPU
		{E7A4356B-0432-74E2-DF5A-5E286027624C}.Release|Any CPU.Build.0 = Release|Any CPU
		{F5547F07-706C-9EE6-F51E-6113BF497DFB}.Debug|Any CPU.ActiveCfg = Debug|Any CPU
		{F5547F07-706C-9EE6-F51E-6113BF497DFB}.Debug|Any CPU.Build.0 = Debug|Any CPU
		{F5547F07-706C-9EE6-F51E-6113BF497DFB}.Release|Any CPU.ActiveCfg = Release|Any CPU
		{F5547F07-706C-9EE6-F51E-6113BF497DFB}.Release|Any CPU.Build.0 = Release|Any CPU
	EndGlobalSection
	GlobalSection(SolutionProperties) = preSolution
		HideSolutionNode = FALSE
	EndGlobalSection
																																																																																																GlobalSection(MonoDevelopProperties) = preSolution
		StartupItem = Assembly-CSharp.csproj
		Policies = $0
		$0.TextStylePolicy = $1
		$1.inheritsSet = null
		$1.scope = text/x-csharp
		$0.CSharpFormattingPolicy = $2
		$2.inheritsSet = Mono
		$2.inheritsScope = text/x-csharp
		$2.scope = text/x-csharp
		$0.TextStylePolicy = $3
		$3.FileWidth = 120
		$3.TabWidth = 4
		$3.IndentWidth = 4
		$3.EolMarker = Unix
		$3.inheritsSet = Mono
		$3.inheritsScope = text/plain
		$3.scope = text/plain
	EndGlobalSection

EndGlobal
